
Microsoft Visual Studio Solution File, Format Version 12.00
# Visual Studio Version 17
VisualStudioVersion = 17.4.33403.182
MinimumVisualStudioVersion = 10.0.40219.1
Project("{9A19103F-16F7-4668-BE54-9A1E7A4F7556}") = "CRUDProject", "CRUDProject\CRUDProject.csproj", "{8EDC9306-5E09-4E84-9AC1-9E60278EC306}"
EndProject
Global
	GlobalSection(SolutionConfigurationPlatforms) = preSolution
		Debug|Any CPU = Debug|Any CPU
		Release|Any CPU = Release|Any CPU
	EndGlobalSection
	GlobalSection(ProjectConfigurationPlatforms) = postSolution
		{8EDC9306-5E09-4E84-9AC1-9E60278EC306}.Debug|Any CPU.ActiveCfg = Debug|Any CPU
		{8EDC9306-5E09-4E84-9AC1-9E60278EC306}.Debug|Any CPU.Build.0 = Debug|Any CPU
		{8EDC9306-5E09-4E84-9AC1-9E60278EC306}.Release|Any CPU.ActiveCfg = Release|Any CPU
		{8EDC9306-5E09-4E84-9AC1-9E60278EC306}.Release|Any CPU.Build.0 = Release|Any CPU
	EndGlobalSection
	GlobalSection(SolutionProperties) = preSolution
		HideSolutionNode = FALSE
	EndGlobalSection
	GlobalSection(ExtensibilityGlobals) = postSolution
		SolutionGuid = {5FE71206-320E-4CFC-A1E0-8A2D1C45BEF1}
	EndGlobalSection
EndGlobal
